
Microsoft Visual Studio Solution File, Format Version 12.00
# Visual Studio Version 17
VisualStudioVersion = 17.4.33122.133
MinimumVisualStudioVersion = 10.0.40219.1
Project("{FAE04EC0-301F-11D3-BF4B-00C04F79EFBC}") = "ConsoleApp15", "ConsoleApp15\ConsoleApp15.csproj", "{ECAEE1FA-1652-4E54-9CFB-52C533390469}"
EndProject
Global
	GlobalSection(SolutionConfigurationPlatforms) = preSolution
		Debug|Any CPU = Debug|Any CPU
		Release|Any CPU = Release|Any CPU
	EndGlobalSection
	GlobalSection(ProjectConfigurationPlatforms) = postSolution
		{ECAEE1FA-1652-4E54-9CFB-52C533390469}.Debug|Any CPU.ActiveCfg = Debug|Any CPU
		{ECAEE1FA-1652-4E54-9CFB-52C533390469}.Debug|Any CPU.Build.0 = Debug|Any CPU
		{ECAEE1FA-1652-4E54-9CFB-52C533390469}.Release|Any CPU.ActiveCfg = Release|Any CPU
		{ECAEE1FA-1652-4E54-9CFB-52C533390469}.Release|Any CPU.Build.0 = Release|Any CPU
	EndGlobalSection
	GlobalSection(SolutionProperties) = preSolution
		HideSolutionNode = FALSE
	EndGlobalSection
	GlobalSection(ExtensibilityGlobals) = postSolution
		SolutionGuid = {BE1C55EF-43B8-4306-8308-0C61FEB211AC}
	EndGlobalSection
EndGlobal
